# This file was autogenerated by Stack.
# You should not edit this file by hand.
# For more information, please see the documentation at:
#   https://docs.haskellstack.org/en/stable/lock_files

packages:
- completed:
    hackage: containers-0.6.2.1@sha256:bbc3d2d5eef59a5d26383fb4b727c968390f2b6e9bd413d29aa875175bb16f8b,2460
    pantry-tree:
      size: 2823
      sha256: 5bb0af2da4e4cc5472a17063ecdbda8f1117e5f3509fcd600f2cbd7e2b760f49
  original:
    hackage: containers-0.6.2.1
- completed:
    hackage: clash-ghc-1.2.1@sha256:c5c85163b8e16beb5a49a5dffa425e49e8c2ae9c1849e0158785220fe28ace76,8018
    pantry-tree:
      size: 2587
      sha256: 4e1661bc511a671f066de93f54149e0eea978097234d6567b75a2b5c0327f7c2
  original:
    hackage: clash-ghc-1.2.1@sha256:c5c85163b8e16beb5a49a5dffa425e49e8c2ae9c1849e0158785220fe28ace76,8018
- completed:
    hackage: clash-lib-1.2.1@sha256:996d24a9396b249cb16332f67c5ce2567f5bc050f0057ac209eb94715dd6e6f7,10839
    pantry-tree:
      size: 16367
      sha256: d76ffbfccaf4dd018564117809fe54b814e42a7629b201d94652d8a35f0ca3db
  original:
    hackage: clash-lib-1.2.1@sha256:996d24a9396b249cb16332f67c5ce2567f5bc050f0057ac209eb94715dd6e6f7,10839
- completed:
    hackage: clash-prelude-1.2.1@sha256:07e19de69c45b81d64f529dcd76121776d1c1cee07f64fc1d27477a3819e34f1,15036
    pantry-tree:
      size: 10411
      sha256: fe179313d77190cd5685d7caff31853de19c77f73db9faec081f28085a3a5371
  original:
    hackage: clash-prelude-1.2.1@sha256:07e19de69c45b81d64f529dcd76121776d1c1cee07f64fc1d27477a3819e34f1,15036
- completed:
    hackage: concurrent-supply-0.1.8@sha256:9373f4868ad28936a7b93781b214ef4afdeacf377ef4ac729583073491c9f9fb,1627
    pantry-tree:
      size: 400
      sha256: bdfaa167ae3249f858ba248aea2e9b97ab9b13af6e68c73b7c3192e717e11b83
  original:
    hackage: concurrent-supply-0.1.8@sha256:9373f4868ad28936a7b93781b214ef4afdeacf377ef4ac729583073491c9f9fb,1627
snapshots:
- completed:
    size: 492027
    url: https://raw.githubusercontent.com/commercialhaskell/stackage-snapshots/master/lts/15/9.yaml
    sha256: 11394dc975e96c2fea90f7f2b3229630d46351a092ebcec78f0a56403930b429
  original: lts-15.9
